
Microsoft Visual Studio Solution File, Format Version 12.00
# Visual Studio Version 17
VisualStudioVersion = 17.14.36616.10
MinimumVisualStudioVersion = 10.0.40219.1
Project("{FAE04EC0-301F-11D3-BF4B-00C04F79EFBC}") = "CsWin32Api", "CsWin32PIvoke\CsWin32Api.csproj", "{2A2EC7ED-3BD4-4F08-9A53-8EA72AE0F9F9}"
EndProject
Project("{2150E333-8FDC-42A3-9474-1A3956D46DE8}") = "Test", "Test", "{02EA681E-C7D8-13C7-8484-4AC65E1B71E8}"
EndProject
Project("{FAE04EC0-301F-11D3-BF4B-00C04F79EFBC}") = "Common.Test.XUnit", "Common.Test.XUnit\Common.Test.XUnit.csproj", "{3B23A339-8E86-4A22-939A-6C2B28A35F8D}"
EndProject
Project("{FAE04EC0-301F-11D3-BF4B-00C04F79EFBC}") = "CsWin32ApiTest", "CsWin32ApiTest\CsWin32ApiTest.csproj", "{45ABC4F3-934F-0721-CCA2-6798D3628FDE}"
EndProject
Project("{2150E333-8FDC-42A3-9474-1A3956D46DE8}") = "Solution Items", "Solution Items", "{8EC462FD-D22E-90A8-E5CE-7E832BA40C5D}"
	ProjectSection(SolutionItems) = preProject
		JTAGICEmkIIDriver.inf = JTAGICEmkIIDriver.inf
		usb source.txt = usb source.txt
	EndProjectSection
EndProject
Project("{FAE04EC0-301F-11D3-BF4B-00C04F79EFBC}") = "UsbDeviceBase", "UsbDeviceBase\UsbDeviceBase.csproj", "{922B7AC8-1416-48AD-BD65-23ADAA045B37}"
EndProject
Project("{FAE04EC0-301F-11D3-BF4B-00C04F79EFBC}") = "MyUsbDevice", "MyUsbDevice\MyUsbDevice.csproj", "{CB88594D-E394-4BF4-ABFF-85AD9143554C}"
EndProject
Project("{FAE04EC0-301F-11D3-BF4B-00C04F79EFBC}") = "UsbDeviceBaseTest", "UsbDeviceBaseTest\UsbDeviceBaseTest.csproj", "{83055A33-2CDD-469A-9F67-CE82BA69F7F1}"
	ProjectSection(ProjectDependencies) = postProject
		{922B7AC8-1416-48AD-BD65-23ADAA045B37} = {922B7AC8-1416-48AD-BD65-23ADAA045B37}
	EndProjectSection
EndProject
Project("{2150E333-8FDC-42A3-9474-1A3956D46DE8}") = "Framework", "Framework", "{B2707842-FB6A-4DFD-B424-10368FB072C0}"
EndProject
Project("{FAE04EC0-301F-11D3-BF4B-00C04F79EFBC}") = "MyFramework", "MyFramework\MyFramework.csproj", "{E0FDDA2C-C5CF-442C-9DDD-9CEAE725E577}"
EndProject
Project("{FAE04EC0-301F-11D3-BF4B-00C04F79EFBC}") = "JTAGICEmkII", "JTAGICEmkII\JTAGICEmkII.csproj", "{0BB8A428-C00F-4100-90CC-56E5887C6B28}"
EndProject
Project("{FAE04EC0-301F-11D3-BF4B-00C04F79EFBC}") = "MyFrameworkTest", "MyFrameWorkTest\MyFrameworkTest.csproj", "{0352C03B-19CC-4063-B831-8165D2035E41}"
	ProjectSection(ProjectDependencies) = postProject
		{3B23A339-8E86-4A22-939A-6C2B28A35F8D} = {3B23A339-8E86-4A22-939A-6C2B28A35F8D}
	EndProjectSection
EndProject
Project("{FAE04EC0-301F-11D3-BF4B-00C04F79EFBC}") = "LibObjectFile", "ELF-DWARF\LibObjectFile\LibObjectFile.csproj", "{44F87B12-B5AC-D180-85E6-383173541A12}"
EndProject
Project("{2150E333-8FDC-42A3-9474-1A3956D46DE8}") = "Obsolate", "Obsolate", "{F424FE5A-AFC0-4E37-A1BB-8ACD47D99D72}"
EndProject
Project("{FAE04EC0-301F-11D3-BF4B-00C04F79EFBC}") = "JTAGICEmkIITest", "JTAGICEmkIITest\JTAGICEmkIITest.csproj", "{D57D04A8-7AF3-4413-9513-D50DDA24BB96}"
EndProject
Global
	GlobalSection(SolutionConfigurationPlatforms) = preSolution
		Debug|Any CPU = Debug|Any CPU
		Debug|x64 = Debug|x64
		Debug|x86 = Debug|x86
		Release|Any CPU = Release|Any CPU
		Release|x64 = Release|x64
		Release|x86 = Release|x86
	EndGlobalSection
	GlobalSection(ProjectConfigurationPlatforms) = postSolution
		{2A2EC7ED-3BD4-4F08-9A53-8EA72AE0F9F9}.Debug|Any CPU.ActiveCfg = Debug|Any CPU
		{2A2EC7ED-3BD4-4F08-9A53-8EA72AE0F9F9}.Debug|Any CPU.Build.0 = Debug|Any CPU
		{2A2EC7ED-3BD4-4F08-9A53-8EA72AE0F9F9}.Debug|x64.ActiveCfg = Debug|x64
		{2A2EC7ED-3BD4-4F08-9A53-8EA72AE0F9F9}.Debug|x64.Build.0 = Debug|x64
		{2A2EC7ED-3BD4-4F08-9A53-8EA72AE0F9F9}.Debug|x86.ActiveCfg = Debug|Any CPU
		{2A2EC7ED-3BD4-4F08-9A53-8EA72AE0F9F9}.Debug|x86.Build.0 = Debug|Any CPU
		{2A2EC7ED-3BD4-4F08-9A53-8EA72AE0F9F9}.Release|Any CPU.ActiveCfg = Release|Any CPU
		{2A2EC7ED-3BD4-4F08-9A53-8EA72AE0F9F9}.Release|Any CPU.Build.0 = Release|Any CPU
		{2A2EC7ED-3BD4-4F08-9A53-8EA72AE0F9F9}.Release|x64.ActiveCfg = Release|x64
		{2A2EC7ED-3BD4-4F08-9A53-8EA72AE0F9F9}.Release|x64.Build.0 = Release|x64
		{2A2EC7ED-3BD4-4F08-9A53-8EA72AE0F9F9}.Release|x86.ActiveCfg = Release|Any CPU
		{2A2EC7ED-3BD4-4F08-9A53-8EA72AE0F9F9}.Release|x86.Build.0 = Release|Any CPU
		{3B23A339-8E86-4A22-939A-6C2B28A35F8D}.Debug|Any CPU.ActiveCfg = Debug|Any CPU
		{3B23A339-8E86-4A22-939A-6C2B28A35F8D}.Debug|Any CPU.Build.0 = Debug|Any CPU
		{3B23A339-8E86-4A22-939A-6C2B28A35F8D}.Debug|x64.ActiveCfg = Debug|x64
		{3B23A339-8E86-4A22-939A-6C2B28A35F8D}.Debug|x64.Build.0 = Debug|x64
		{3B23A339-8E86-4A22-939A-6C2B28A35F8D}.Debug|x86.ActiveCfg = Debug|Any CPU
		{3B23A339-8E86-4A22-939A-6C2B28A35F8D}.Debug|x86.Build.0 = Debug|Any CPU
		{3B23A339-8E86-4A22-939A-6C2B28A35F8D}.Release|Any CPU.ActiveCfg = Release|Any CPU
		{3B23A339-8E86-4A22-939A-6C2B28A35F8D}.Release|Any CPU.Build.0 = Release|Any CPU
		{3B23A339-8E86-4A22-939A-6C2B28A35F8D}.Release|x64.ActiveCfg = Release|Any CPU
		{3B23A339-8E86-4A22-939A-6C2B28A35F8D}.Release|x64.Build.0 = Release|Any CPU
		{3B23A339-8E86-4A22-939A-6C2B28A35F8D}.Release|x86.ActiveCfg = Release|Any CPU
		{3B23A339-8E86-4A22-939A-6C2B28A35F8D}.Release|x86.Build.0 = Release|Any CPU
		{45ABC4F3-934F-0721-CCA2-6798D3628FDE}.Debug|Any CPU.ActiveCfg = Debug|Any CPU
		{45ABC4F3-934F-0721-CCA2-6798D3628FDE}.Debug|Any CPU.Build.0 = Debug|Any CPU
		{45ABC4F3-934F-0721-CCA2-6798D3628FDE}.Debug|x64.ActiveCfg = Debug|x64
		{45ABC4F3-934F-0721-CCA2-6798D3628FDE}.Debug|x64.Build.0 = Debug|x64
		{45ABC4F3-934F-0721-CCA2-6798D3628FDE}.Debug|x86.ActiveCfg = Debug|Any CPU
		{45ABC4F3-934F-0721-CCA2-6798D3628FDE}.Debug|x86.Build.0 = Debug|Any CPU
		{45ABC4F3-934F-0721-CCA2-6798D3628FDE}.Release|Any CPU.ActiveCfg = Release|Any CPU
		{45ABC4F3-934F-0721-CCA2-6798D3628FDE}.Release|Any CPU.Build.0 = Release|Any CPU
		{45ABC4F3-934F-0721-CCA2-6798D3628FDE}.Release|x64.ActiveCfg = Release|Any CPU
		{45ABC4F3-934F-0721-CCA2-6798D3628FDE}.Release|x64.Build.0 = Release|Any CPU
		{45ABC4F3-934F-0721-CCA2-6798D3628FDE}.Release|x86.ActiveCfg = Release|Any CPU
		{45ABC4F3-934F-0721-CCA2-6798D3628FDE}.Release|x86.Build.0 = Release|Any CPU
		{922B7AC8-1416-48AD-BD65-23ADAA045B37}.Debug|Any CPU.ActiveCfg = Debug|Any CPU
		{922B7AC8-1416-48AD-BD65-23ADAA045B37}.Debug|Any CPU.Build.0 = Debug|Any CPU
		{922B7AC8-1416-48AD-BD65-23ADAA045B37}.Debug|x64.ActiveCfg = Debug|x64
		{922B7AC8-1416-48AD-BD65-23ADAA045B37}.Debug|x64.Build.0 = Debug|x64
		{922B7AC8-1416-48AD-BD65-23ADAA045B37}.Debug|x86.ActiveCfg = Debug|Any CPU
		{922B7AC8-1416-48AD-BD65-23ADAA045B37}.Debug|x86.Build.0 = Debug|Any CPU
		{922B7AC8-1416-48AD-BD65-23ADAA045B37}.Release|Any CPU.ActiveCfg = Release|Any CPU
		{922B7AC8-1416-48AD-BD65-23ADAA045B37}.Release|Any CPU.Build.0 = Release|Any CPU
		{922B7AC8-1416-48AD-BD65-23ADAA045B37}.Release|x64.ActiveCfg = Release|Any CPU
		{922B7AC8-1416-48AD-BD65-23ADAA045B37}.Release|x64.Build.0 = Release|Any CPU
		{922B7AC8-1416-48AD-BD65-23ADAA045B37}.Release|x86.ActiveCfg = Release|Any CPU
		{922B7AC8-1416-48AD-BD65-23ADAA045B37}.Release|x86.Build.0 = Release|Any CPU
		{CB88594D-E394-4BF4-ABFF-85AD9143554C}.Debug|Any CPU.ActiveCfg = Debug|Any CPU
		{CB88594D-E394-4BF4-ABFF-85AD9143554C}.Debug|Any CPU.Build.0 = Debug|Any CPU
		{CB88594D-E394-4BF4-ABFF-85AD9143554C}.Debug|x64.ActiveCfg = Debug|x64
		{CB88594D-E394-4BF4-ABFF-85AD9143554C}.Debug|x64.Build.0 = Debug|x64
		{CB88594D-E394-4BF4-ABFF-85AD9143554C}.Debug|x86.ActiveCfg = Debug|Any CPU
		{CB88594D-E394-4BF4-ABFF-85AD9143554C}.Debug|x86.Build.0 = Debug|Any CPU
		{CB88594D-E394-4BF4-ABFF-85AD9143554C}.Release|Any CPU.ActiveCfg = Release|Any CPU
		{CB88594D-E394-4BF4-ABFF-85AD9143554C}.Release|Any CPU.Build.0 = Release|Any CPU
		{CB88594D-E394-4BF4-ABFF-85AD9143554C}.Release|x64.ActiveCfg = Release|Any CPU
		{CB88594D-E394-4BF4-ABFF-85AD9143554C}.Release|x64.Build.0 = Release|Any CPU
		{CB88594D-E394-4BF4-ABFF-85AD9143554C}.Release|x86.ActiveCfg = Release|Any CPU
		{CB88594D-E394-4BF4-ABFF-85AD9143554C}.Release|x86.Build.0 = Release|Any CPU
		{83055A33-2CDD-469A-9F67-CE82BA69F7F1}.Debug|Any CPU.ActiveCfg = Debug|Any CPU
		{83055A33-2CDD-469A-9F67-CE82BA69F7F1}.Debug|Any CPU.Build.0 = Debug|Any CPU
		{83055A33-2CDD-469A-9F67-CE82BA69F7F1}.Debug|x64.ActiveCfg = Debug|x64
		{83055A33-2CDD-469A-9F67-CE82BA69F7F1}.Debug|x64.Build.0 = Debug|x64
		{83055A33-2CDD-469A-9F67-CE82BA69F7F1}.Debug|x86.ActiveCfg = Debug|Any CPU
		{83055A33-2CDD-469A-9F67-CE82BA69F7F1}.Debug|x86.Build.0 = Debug|Any CPU
		{83055A33-2CDD-469A-9F67-CE82BA69F7F1}.Release|Any CPU.ActiveCfg = Release|Any CPU
		{83055A33-2CDD-469A-9F67-CE82BA69F7F1}.Release|Any CPU.Build.0 = Release|Any CPU
		{83055A33-2CDD-469A-9F67-CE82BA69F7F1}.Release|x64.ActiveCfg = Release|Any CPU
		{83055A33-2CDD-469A-9F67-CE82BA69F7F1}.Release|x64.Build.0 = Release|Any CPU
		{83055A33-2CDD-469A-9F67-CE82BA69F7F1}.Release|x86.ActiveCfg = Release|Any CPU
		{83055A33-2CDD-469A-9F67-CE82BA69F7F1}.Release|x86.Build.0 = Release|Any CPU
		{E0FDDA2C-C5CF-442C-9DDD-9CEAE725E577}.Debug|Any CPU.ActiveCfg = Debug|Any CPU
		{E0FDDA2C-C5CF-442C-9DDD-9CEAE725E577}.Debug|Any CPU.Build.0 = Debug|Any CPU
		{E0FDDA2C-C5CF-442C-9DDD-9CEAE725E577}.Debug|x64.ActiveCfg = Debug|x64
		{E0FDDA2C-C5CF-442C-9DDD-9CEAE725E577}.Debug|x64.Build.0 = Debug|x64
		{E0FDDA2C-C5CF-442C-9DDD-9CEAE725E577}.Debug|x86.ActiveCfg = Debug|Any CPU
		{E0FDDA2C-C5CF-442C-9DDD-9CEAE725E577}.Debug|x86.Build.0 = Debug|Any CPU
		{E0FDDA2C-C5CF-442C-9DDD-9CEAE725E577}.Release|Any CPU.ActiveCfg = Release|Any CPU
		{E0FDDA2C-C5CF-442C-9DDD-9CEAE725E577}.Release|Any CPU.Build.0 = Release|Any CPU
		{E0FDDA2C-C5CF-442C-9DDD-9CEAE725E577}.Release|x64.ActiveCfg = Release|Any CPU
		{E0FDDA2C-C5CF-442C-9DDD-9CEAE725E577}.Release|x64.Build.0 = Release|Any CPU
		{E0FDDA2C-C5CF-442C-9DDD-9CEAE725E577}.Release|x86.ActiveCfg = Release|Any CPU
		{E0FDDA2C-C5CF-442C-9DDD-9CEAE725E577}.Release|x86.Build.0 = Release|Any CPU
		{0BB8A428-C00F-4100-90CC-56E5887C6B28}.Debug|Any CPU.ActiveCfg = Debug|Any CPU
		{0BB8A428-C00F-4100-90CC-56E5887C6B28}.Debug|Any CPU.Build.0 = Debug|Any CPU
		{0BB8A428-C00F-4100-90CC-56E5887C6B28}.Debug|x64.ActiveCfg = Debug|x64
		{0BB8A428-C00F-4100-90CC-56E5887C6B28}.Debug|x64.Build.0 = Debug|x64
		{0BB8A428-C00F-4100-90CC-56E5887C6B28}.Debug|x86.ActiveCfg = Debug|Any CPU
		{0BB8A428-C00F-4100-90CC-56E5887C6B28}.Debug|x86.Build.0 = Debug|Any CPU
		{0BB8A428-C00F-4100-90CC-56E5887C6B28}.Release|Any CPU.ActiveCfg = Release|Any CPU
		{0BB8A428-C00F-4100-90CC-56E5887C6B28}.Release|Any CPU.Build.0 = Release|Any CPU
		{0BB8A428-C00F-4100-90CC-56E5887C6B28}.Release|x64.ActiveCfg = Release|Any CPU
		{0BB8A428-C00F-4100-90CC-56E5887C6B28}.Release|x64.Build.0 = Release|Any CPU
		{0BB8A428-C00F-4100-90CC-56E5887C6B28}.Release|x86.ActiveCfg = Release|Any CPU
		{0BB8A428-C00F-4100-90CC-56E5887C6B28}.Release|x86.Build.0 = Release|Any CPU
		{0352C03B-19CC-4063-B831-8165D2035E41}.Debug|Any CPU.ActiveCfg = Debug|Any CPU
		{0352C03B-19CC-4063-B831-8165D2035E41}.Debug|Any CPU.Build.0 = Debug|Any CPU
		{0352C03B-19CC-4063-B831-8165D2035E41}.Debug|x64.ActiveCfg = Debug|x64
		{0352C03B-19CC-4063-B831-8165D2035E41}.Debug|x64.Build.0 = Debug|x64
		{0352C03B-19CC-4063-B831-8165D2035E41}.Debug|x86.ActiveCfg = Debug|Any CPU
		{0352C03B-19CC-4063-B831-8165D2035E41}.Debug|x86.Build.0 = Debug|Any CPU
		{0352C03B-19CC-4063-B831-8165D2035E41}.Release|Any CPU.ActiveCfg = Release|Any CPU
		{0352C03B-19CC-4063-B831-8165D2035E41}.Release|Any CPU.Build.0 = Release|Any CPU
		{0352C03B-19CC-4063-B831-8165D2035E41}.Release|x64.ActiveCfg = Release|Any CPU
		{0352C03B-19CC-4063-B831-8165D2035E41}.Release|x64.Build.0 = Release|Any CPU
		{0352C03B-19CC-4063-B831-8165D2035E41}.Release|x86.ActiveCfg = Release|Any CPU
		{0352C03B-19CC-4063-B831-8165D2035E41}.Release|x86.Build.0 = Release|Any CPU
		{44F87B12-B5AC-D180-85E6-383173541A12}.Debug|Any CPU.ActiveCfg = Debug|Any CPU
		{44F87B12-B5AC-D180-85E6-383173541A12}.Debug|Any CPU.Build.0 = Debug|Any CPU
		{44F87B12-B5AC-D180-85E6-383173541A12}.Debug|x64.ActiveCfg = Debug|x64
		{44F87B12-B5AC-D180-85E6-383173541A12}.Debug|x64.Build.0 = Debug|x64
		{44F87B12-B5AC-D180-85E6-383173541A12}.Debug|x86.ActiveCfg = Debug|Any CPU
		{44F87B12-B5AC-D180-85E6-383173541A12}.Debug|x86.Build.0 = Debug|Any CPU
		{44F87B12-B5AC-D180-85E6-383173541A12}.Release|Any CPU.ActiveCfg = Release|Any CPU
		{44F87B12-B5AC-D180-85E6-383173541A12}.Release|Any CPU.Build.0 = Release|Any CPU
		{44F87B12-B5AC-D180-85E6-383173541A12}.Release|x64.ActiveCfg = Release|x64
		{44F87B12-B5AC-D180-85E6-383173541A12}.Release|x64.Build.0 = Release|x64
		{44F87B12-B5AC-D180-85E6-383173541A12}.Release|x86.ActiveCfg = Release|Any CPU
		{44F87B12-B5AC-D180-85E6-383173541A12}.Release|x86.Build.0 = Release|Any CPU
		{D57D04A8-7AF3-4413-9513-D50DDA24BB96}.Debug|Any CPU.ActiveCfg = Debug|Any CPU
		{D57D04A8-7AF3-4413-9513-D50DDA24BB96}.Debug|Any CPU.Build.0 = Debug|Any CPU
		{D57D04A8-7AF3-4413-9513-D50DDA24BB96}.Debug|x64.ActiveCfg = Debug|Any CPU
		{D57D04A8-7AF3-4413-9513-D50DDA24BB96}.Debug|x64.Build.0 = Debug|Any CPU
		{D57D04A8-7AF3-4413-9513-D50DDA24BB96}.Debug|x86.ActiveCfg = Debug|Any CPU
		{D57D04A8-7AF3-4413-9513-D50DDA24BB96}.Debug|x86.Build.0 = Debug|Any CPU
		{D57D04A8-7AF3-4413-9513-D50DDA24BB96}.Release|Any CPU.ActiveCfg = Release|Any CPU
		{D57D04A8-7AF3-4413-9513-D50DDA24BB96}.Release|Any CPU.Build.0 = Release|Any CPU
		{D57D04A8-7AF3-4413-9513-D50DDA24BB96}.Release|x64.ActiveCfg = Release|Any CPU
		{D57D04A8-7AF3-4413-9513-D50DDA24BB96}.Release|x64.Build.0 = Release|Any CPU
		{D57D04A8-7AF3-4413-9513-D50DDA24BB96}.Release|x86.ActiveCfg = Release|Any CPU
		{D57D04A8-7AF3-4413-9513-D50DDA24BB96}.Release|x86.Build.0 = Release|Any CPU
	EndGlobalSection
	GlobalSection(SolutionProperties) = preSolution
		HideSolutionNode = FALSE
	EndGlobalSection
	GlobalSection(NestedProjects) = preSolution
		{2A2EC7ED-3BD4-4F08-9A53-8EA72AE0F9F9} = {F424FE5A-AFC0-4E37-A1BB-8ACD47D99D72}
		{3B23A339-8E86-4A22-939A-6C2B28A35F8D} = {02EA681E-C7D8-13C7-8484-4AC65E1B71E8}
		{45ABC4F3-934F-0721-CCA2-6798D3628FDE} = {F424FE5A-AFC0-4E37-A1BB-8ACD47D99D72}
		{83055A33-2CDD-469A-9F67-CE82BA69F7F1} = {02EA681E-C7D8-13C7-8484-4AC65E1B71E8}
		{E0FDDA2C-C5CF-442C-9DDD-9CEAE725E577} = {B2707842-FB6A-4DFD-B424-10368FB072C0}
		{0352C03B-19CC-4063-B831-8165D2035E41} = {02EA681E-C7D8-13C7-8484-4AC65E1B71E8}
		{44F87B12-B5AC-D180-85E6-383173541A12} = {B2707842-FB6A-4DFD-B424-10368FB072C0}
		{D57D04A8-7AF3-4413-9513-D50DDA24BB96} = {02EA681E-C7D8-13C7-8484-4AC65E1B71E8}
	EndGlobalSection
	GlobalSection(ExtensibilityGlobals) = postSolution
		SolutionGuid = {B3760CA2-0061-4CF9-995C-4AD401073F21}
	EndGlobalSection
EndGlobal
