
Microsoft Visual Studio Solution File, Format Version 10.00
# Visual Studio 2008
Project("{FAE04EC0-301F-11D3-BF4B-00C04F79EFBC}") = "TestQueue", "TestQueue.csproj", "{3108E8F4-0FB3-4C9A-BEAD-63E3E5DED126}"
EndProject
Project("{2150E333-8FDC-42A3-9474-1A3956D46DE8}") = "Framework", "Framework", "{28942887-B6ED-426F-9CEA-B2AC83F990BC}"
EndProject
Project("{FAE04EC0-301F-11D3-BF4B-00C04F79EFBC}") = "Queue", "..\Queue.csproj", "{0C13D5DE-87F1-46A4-BDFA-A6836C34E72F}"
EndProject
Project("{FAE04EC0-301F-11D3-BF4B-00C04F79EFBC}") = "Serialisation", "..\..\Serialisation\Serialisation.csproj", "{DE53E1DD-288A-4F8A-93B1-E26DA601EE4B}"
EndProject
Project("{FAE04EC0-301F-11D3-BF4B-00C04F79EFBC}") = "Logging", "..\..\Logging\Logging.csproj", "{25CE12F3-D2A0-443B-9030-ECB8A1178F99}"
EndProject
Project("{FAE04EC0-301F-11D3-BF4B-00C04F79EFBC}") = "Framework", "..\..\Framework.csproj", "{181A0CAB-9B03-424E-9ADA-4688F78FBDAD}"
EndProject
Project("{2150E333-8FDC-42A3-9474-1A3956D46DE8}") = "Library", "Library", "{9E708B71-38FB-4912-B6EC-B0516FB5C12E}"
EndProject
Project("{FAE04EC0-301F-11D3-BF4B-00C04F79EFBC}") = "log4net3.5", "..\..\..\..\..\DevLib\Log4Net\log4net-1.2.10\src\log4net3.5.csproj", "{F6A02431-167E-4347-BC43-65532C31CDB7}"
EndProject
Project("{FAE04EC0-301F-11D3-BF4B-00C04F79EFBC}") = "DiagnosticControls", "..\..\..\..\..\Dev\Ozone Trunk\Software\UserControls\DiagnosticControls\DiagnosticControls.csproj", "{13AFC7C1-03C0-4410-B679-4147B9C328E4}"
EndProject
Project("{F184B08F-C81C-45F6-A57F-5ABD9991F28F}") = "CONSTCommunes", "..\..\..\..\..\Dev\Ozone Trunk\Software\DLLCommunes\DLLCommunes\CONSTCommunes\CONSTCommunes\CONSTCommunes.vbproj", "{94BB2C6A-E0DC-4550-9F3A-1DB92AB958F8}"
EndProject
Project("{FAE04EC0-301F-11D3-BF4B-00C04F79EFBC}") = "Exception", "..\..\..\..\..\Dev\Ozone Trunk\Software\Framework\Exception\Exception.csproj", "{1B6905BE-445A-49E0-A211-524295D2E297}"
EndProject
Project("{FAE04EC0-301F-11D3-BF4B-00C04F79EFBC}") = "Threading", "..\..\..\..\..\Dev\Ozone Trunk\Software\Framework\Threading\Threading.csproj", "{A6C05D17-F77E-4115-A3B4-EE01A6A6EAB1}"
EndProject
Project("{FAE04EC0-301F-11D3-BF4B-00C04F79EFBC}") = "OzoneDiagnostic", "..\..\..\..\..\Dev\Ozone Trunk\Software\Framework\Logging\OzoneDiagnostic\OzoneDiagnostic\OzoneDiagnostic.csproj", "{23D5FF74-04C9-43E8-A7B9-2DBE6CB0A107}"
EndProject
Project("{F184B08F-C81C-45F6-A57F-5ABD9991F28F}") = "OzoneCfgFiles", "..\..\..\..\..\Dev\Ozone Trunk\Software\DLLCommunes\DLLCommunes\OzoneConfig\OzoneCfgFiles.vbproj", "{C7C09703-621E-471E-B3CF-3FE18555FB13}"
EndProject
Project("{FAE04EC0-301F-11D3-BF4B-00C04F79EFBC}") = "WCFCommunication", "..\..\..\..\..\Dev\Ozone Trunk\Software\Framework\WCFCommunication\WCFCommunication.csproj", "{EF4AFC85-FDBF-4C02-9A51-6A35A18BA62D}"
EndProject
Global
	GlobalSection(SolutionConfigurationPlatforms) = preSolution
		Debug|Any CPU = Debug|Any CPU
		Release|Any CPU = Release|Any CPU
	EndGlobalSection
	GlobalSection(ProjectConfigurationPlatforms) = postSolution
		{3108E8F4-0FB3-4C9A-BEAD-63E3E5DED126}.Debug|Any CPU.ActiveCfg = Debug|Any CPU
		{3108E8F4-0FB3-4C9A-BEAD-63E3E5DED126}.Debug|Any CPU.Build.0 = Debug|Any CPU
		{3108E8F4-0FB3-4C9A-BEAD-63E3E5DED126}.Release|Any CPU.ActiveCfg = Release|Any CPU
		{3108E8F4-0FB3-4C9A-BEAD-63E3E5DED126}.Release|Any CPU.Build.0 = Release|Any CPU
		{0C13D5DE-87F1-46A4-BDFA-A6836C34E72F}.Debug|Any CPU.ActiveCfg = Debug|Any CPU
		{0C13D5DE-87F1-46A4-BDFA-A6836C34E72F}.Debug|Any CPU.Build.0 = Debug|Any CPU
		{0C13D5DE-87F1-46A4-BDFA-A6836C34E72F}.Release|Any CPU.ActiveCfg = Release|Any CPU
		{0C13D5DE-87F1-46A4-BDFA-A6836C34E72F}.Release|Any CPU.Build.0 = Release|Any CPU
		{DE53E1DD-288A-4F8A-93B1-E26DA601EE4B}.Debug|Any CPU.ActiveCfg = Debug|Any CPU
		{DE53E1DD-288A-4F8A-93B1-E26DA601EE4B}.Debug|Any CPU.Build.0 = Debug|Any CPU
		{DE53E1DD-288A-4F8A-93B1-E26DA601EE4B}.Release|Any CPU.ActiveCfg = Release|Any CPU
		{DE53E1DD-288A-4F8A-93B1-E26DA601EE4B}.Release|Any CPU.Build.0 = Release|Any CPU
		{25CE12F3-D2A0-443B-9030-ECB8A1178F99}.Debug|Any CPU.ActiveCfg = Debug|Any CPU
		{25CE12F3-D2A0-443B-9030-ECB8A1178F99}.Debug|Any CPU.Build.0 = Debug|Any CPU
		{25CE12F3-D2A0-443B-9030-ECB8A1178F99}.Release|Any CPU.ActiveCfg = Release|Any CPU
		{25CE12F3-D2A0-443B-9030-ECB8A1178F99}.Release|Any CPU.Build.0 = Release|Any CPU
		{181A0CAB-9B03-424E-9ADA-4688F78FBDAD}.Debug|Any CPU.ActiveCfg = Debug|Any CPU
		{181A0CAB-9B03-424E-9ADA-4688F78FBDAD}.Debug|Any CPU.Build.0 = Debug|Any CPU
		{181A0CAB-9B03-424E-9ADA-4688F78FBDAD}.Release|Any CPU.ActiveCfg = Release|Any CPU
		{181A0CAB-9B03-424E-9ADA-4688F78FBDAD}.Release|Any CPU.Build.0 = Release|Any CPU
		{F6A02431-167E-4347-BC43-65532C31CDB7}.Debug|Any CPU.ActiveCfg = Debug|Any CPU
		{F6A02431-167E-4347-BC43-65532C31CDB7}.Debug|Any CPU.Build.0 = Debug|Any CPU
		{F6A02431-167E-4347-BC43-65532C31CDB7}.Release|Any CPU.ActiveCfg = Release|Any CPU
		{F6A02431-167E-4347-BC43-65532C31CDB7}.Release|Any CPU.Build.0 = Release|Any CPU
		{13AFC7C1-03C0-4410-B679-4147B9C328E4}.Debug|Any CPU.ActiveCfg = Debug|Any CPU
		{13AFC7C1-03C0-4410-B679-4147B9C328E4}.Debug|Any CPU.Build.0 = Debug|Any CPU
		{13AFC7C1-03C0-4410-B679-4147B9C328E4}.Release|Any CPU.ActiveCfg = Release|Any CPU
		{13AFC7C1-03C0-4410-B679-4147B9C328E4}.Release|Any CPU.Build.0 = Release|Any CPU
		{94BB2C6A-E0DC-4550-9F3A-1DB92AB958F8}.Debug|Any CPU.ActiveCfg = Debug|Any CPU
		{94BB2C6A-E0DC-4550-9F3A-1DB92AB958F8}.Debug|Any CPU.Build.0 = Debug|Any CPU
		{94BB2C6A-E0DC-4550-9F3A-1DB92AB958F8}.Release|Any CPU.ActiveCfg = Release|Any CPU
		{94BB2C6A-E0DC-4550-9F3A-1DB92AB958F8}.Release|Any CPU.Build.0 = Release|Any CPU
		{1B6905BE-445A-49E0-A211-524295D2E297}.Debug|Any CPU.ActiveCfg = Debug|Any CPU
		{1B6905BE-445A-49E0-A211-524295D2E297}.Debug|Any CPU.Build.0 = Debug|Any CPU
		{1B6905BE-445A-49E0-A211-524295D2E297}.Release|Any CPU.ActiveCfg = Release|Any CPU
		{1B6905BE-445A-49E0-A211-524295D2E297}.Release|Any CPU.Build.0 = Release|Any CPU
		{A6C05D17-F77E-4115-A3B4-EE01A6A6EAB1}.Debug|Any CPU.ActiveCfg = Debug|Any CPU
		{A6C05D17-F77E-4115-A3B4-EE01A6A6EAB1}.Debug|Any CPU.Build.0 = Debug|Any CPU
		{A6C05D17-F77E-4115-A3B4-EE01A6A6EAB1}.Release|Any CPU.ActiveCfg = Release|Any CPU
		{A6C05D17-F77E-4115-A3B4-EE01A6A6EAB1}.Release|Any CPU.Build.0 = Release|Any CPU
		{23D5FF74-04C9-43E8-A7B9-2DBE6CB0A107}.Debug|Any CPU.ActiveCfg = Debug|Any CPU
		{23D5FF74-04C9-43E8-A7B9-2DBE6CB0A107}.Debug|Any CPU.Build.0 = Debug|Any CPU
		{23D5FF74-04C9-43E8-A7B9-2DBE6CB0A107}.Release|Any CPU.ActiveCfg = Release|Any CPU
		{23D5FF74-04C9-43E8-A7B9-2DBE6CB0A107}.Release|Any CPU.Build.0 = Release|Any CPU
		{C7C09703-621E-471E-B3CF-3FE18555FB13}.Debug|Any CPU.ActiveCfg = Debug|Any CPU
		{C7C09703-621E-471E-B3CF-3FE18555FB13}.Debug|Any CPU.Build.0 = Debug|Any CPU
		{C7C09703-621E-471E-B3CF-3FE18555FB13}.Release|Any CPU.ActiveCfg = Release|Any CPU
		{C7C09703-621E-471E-B3CF-3FE18555FB13}.Release|Any CPU.Build.0 = Release|Any CPU
		{EF4AFC85-FDBF-4C02-9A51-6A35A18BA62D}.Debug|Any CPU.ActiveCfg = Debug|Any CPU
		{EF4AFC85-FDBF-4C02-9A51-6A35A18BA62D}.Debug|Any CPU.Build.0 = Debug|Any CPU
		{EF4AFC85-FDBF-4C02-9A51-6A35A18BA62D}.Release|Any CPU.ActiveCfg = Release|Any CPU
		{EF4AFC85-FDBF-4C02-9A51-6A35A18BA62D}.Release|Any CPU.Build.0 = Release|Any CPU
	EndGlobalSection
	GlobalSection(SolutionProperties) = preSolution
		HideSolutionNode = FALSE
	EndGlobalSection
	GlobalSection(NestedProjects) = preSolution
		{0C13D5DE-87F1-46A4-BDFA-A6836C34E72F} = {28942887-B6ED-426F-9CEA-B2AC83F990BC}
		{DE53E1DD-288A-4F8A-93B1-E26DA601EE4B} = {28942887-B6ED-426F-9CEA-B2AC83F990BC}
		{25CE12F3-D2A0-443B-9030-ECB8A1178F99} = {28942887-B6ED-426F-9CEA-B2AC83F990BC}
		{181A0CAB-9B03-424E-9ADA-4688F78FBDAD} = {28942887-B6ED-426F-9CEA-B2AC83F990BC}
		{13AFC7C1-03C0-4410-B679-4147B9C328E4} = {28942887-B6ED-426F-9CEA-B2AC83F990BC}
		{94BB2C6A-E0DC-4550-9F3A-1DB92AB958F8} = {28942887-B6ED-426F-9CEA-B2AC83F990BC}
		{1B6905BE-445A-49E0-A211-524295D2E297} = {28942887-B6ED-426F-9CEA-B2AC83F990BC}
		{A6C05D17-F77E-4115-A3B4-EE01A6A6EAB1} = {28942887-B6ED-426F-9CEA-B2AC83F990BC}
		{23D5FF74-04C9-43E8-A7B9-2DBE6CB0A107} = {28942887-B6ED-426F-9CEA-B2AC83F990BC}
		{C7C09703-621E-471E-B3CF-3FE18555FB13} = {28942887-B6ED-426F-9CEA-B2AC83F990BC}
		{EF4AFC85-FDBF-4C02-9A51-6A35A18BA62D} = {28942887-B6ED-426F-9CEA-B2AC83F990BC}
		{F6A02431-167E-4347-BC43-65532C31CDB7} = {9E708B71-38FB-4912-B6EC-B0516FB5C12E}
	EndGlobalSection
EndGlobal
